
Microsoft Visual Studio Solution File, Format Version 12.00
# Visual Studio 15
VisualStudioVersion = 15.0.28307.1145
MinimumVisualStudioVersion = 10.0.40219.1
Project("{FAE04EC0-301F-11D3-BF4B-00C04F79EFBC}") = "Middleware", "Middleware\Middleware.csproj", "{07A83323-082F-46E6-A95F-2F6999EF430C}"
EndProject
Project("{FAE04EC0-301F-11D3-BF4B-00C04F79EFBC}") = "Server", "Server\Server.csproj", "{B89ADCFE-97A0-440E-A4E1-ED12C0DAFEE1}"
EndProject
Project("{FAE04EC0-301F-11D3-BF4B-00C04F79EFBC}") = "WCFContract", "WCFContract\WCFContract.csproj", "{B3028B3A-7CF8-4733-9115-BAA3C47D4B93}"
EndProject
Global
	GlobalSection(SolutionConfigurationPlatforms) = preSolution
		Debug|Any CPU = Debug|Any CPU
		Release|Any CPU = Release|Any CPU
	EndGlobalSection
	GlobalSection(ProjectConfigurationPlatforms) = postSolution
		{07A83323-082F-46E6-A95F-2F6999EF430C}.Debug|Any CPU.ActiveCfg = Debug|Any CPU
		{07A83323-082F-46E6-A95F-2F6999EF430C}.Debug|Any CPU.Build.0 = Debug|Any CPU
		{07A83323-082F-46E6-A95F-2F6999EF430C}.Release|Any CPU.ActiveCfg = Release|Any CPU
		{07A83323-082F-46E6-A95F-2F6999EF430C}.Release|Any CPU.Build.0 = Release|Any CPU
		{B89ADCFE-97A0-440E-A4E1-ED12C0DAFEE1}.Debug|Any CPU.ActiveCfg = Debug|Any CPU
		{B89ADCFE-97A0-440E-A4E1-ED12C0DAFEE1}.Debug|Any CPU.Build.0 = Debug|Any CPU
		{B89ADCFE-97A0-440E-A4E1-ED12C0DAFEE1}.Release|Any CPU.ActiveCfg = Release|Any CPU
		{B89ADCFE-97A0-440E-A4E1-ED12C0DAFEE1}.Release|Any CPU.Build.0 = Release|Any CPU
		{B3028B3A-7CF8-4733-9115-BAA3C47D4B93}.Debug|Any CPU.ActiveCfg = Debug|Any CPU
		{B3028B3A-7CF8-4733-9115-BAA3C47D4B93}.Debug|Any CPU.Build.0 = Debug|Any CPU
		{B3028B3A-7CF8-4733-9115-BAA3C47D4B93}.Release|Any CPU.ActiveCfg = Release|Any CPU
		{B3028B3A-7CF8-4733-9115-BAA3C47D4B93}.Release|Any CPU.Build.0 = Release|Any CPU
	EndGlobalSection
	GlobalSection(SolutionProperties) = preSolution
		HideSolutionNode = FALSE
	EndGlobalSection
	GlobalSection(ExtensibilityGlobals) = postSolution
		SolutionGuid = {5443259A-C2FD-4E1C-B3DB-62BE542D00AA}
	EndGlobalSection
EndGlobal
